# This file is automatically @generated by Poetry 1.5.4 and should not be changed by hand.

[[package]]
name = "rps-reputation"
version = "1.0.7"
description = "An implementation of the Roaring Penguin IP reputation reporting system."
optional = false
python-versions = "*"
files = [
    {file = "rps_reputation-1.0.7-py3-none-any.whl", hash = "sha256:ae9936f875772aa4d37cdc944834a88d30136947fc594a036ef9dfc3ba4b5fa7"},
]

[metadata]
lock-version = "2.0"
python-versions = ">=3.10.0,<3.11"
content-hash = "e47cef96c32e9d92a976a65e4ecd9c1e295726fec1693c7168e4bf1c0972f2ad"
